{
  "lockfileVersion": 1,
  "configVersion": 1,
  "workspaces": {
    "": {
      "name": "bun-react-template",
      "dependencies": {
        "@revealjs/react": "^0.2.1",
        "react": "^19.2.5",
        "react-dom": "^19.2.5",
        "reveal.js": "^6.0.1",
        "reveal.js-menu": "^2.1.0",
        "reveal.js-mermaid-plugin": "^11.15.0",
      },
      "devDependencies": {
        "@types/bun": "latest",
        "@types/react": "^19",
        "@types/react-dom": "^19",
        "sass": "^1.101.0",
      },
    },
  },
  "packages": {
    "@parcel/watcher": ["@parcel/watcher@2.5.6", "", { "dependencies": { "detect-libc": "^2.0.3", "is-glob": "^4.0.3", "node-addon-api": "^7.0.0", "picomatch": "^4.0.3" }, "optionalDependencies": { "@parcel/watcher-android-arm64": "2.5.6", "@parcel/watcher-darwin-arm64": "2.5.6", "@parcel/watcher-darwin-x64": "2.5.6", "@parcel/watcher-freebsd-x64": "2.5.6", "@parcel/watcher-linux-arm-glibc": "2.5.6", "@parcel/watcher-linux-arm-musl": "2.5.6", "@parcel/watcher-linux-arm64-glibc": "2.5.6", "@parcel/watcher-linux-arm64-musl": "2.5.6", "@parcel/watcher-linux-x64-glibc": "2.5.6", "@parcel/watcher-linux-x64-musl": "2.5.6", "@parcel/watcher-win32-arm64": "2.5.6", "@parcel/watcher-win32-ia32": "2.5.6", "@parcel/watcher-win32-x64": "2.5.6" } }, "sha512-tmmZ3lQxAe/k/+rNnXQRawJ4NjxO2hqiOLTHvWchtGZULp4RyFeh6aU4XdOYBFe2KE1oShQTv4AblOs2iOrNnQ=="],

    "@parcel/watcher-android-arm64": ["@parcel/watcher-android-arm64@2.5.6", "", { "os": "android", "cpu": "arm64" }, "sha512-YQxSS34tPF/6ZG7r/Ih9xy+kP/WwediEUsqmtf0cuCV5TPPKw/PQHRhueUo6JdeFJaqV3pyjm0GdYjZotbRt/A=="],

    "@parcel/watcher-darwin-arm64": ["@parcel/watcher-darwin-arm64@2.5.6", "", { "os": "darwin", "cpu": "arm64" }, "sha512-Z2ZdrnwyXvvvdtRHLmM4knydIdU9adO3D4n/0cVipF3rRiwP+3/sfzpAwA/qKFL6i1ModaabkU7IbpeMBgiVEA=="],

    "@parcel/watcher-darwin-x64": ["@parcel/watcher-darwin-x64@2.5.6", "", { "os": "darwin", "cpu": "x64" }, "sha512-HgvOf3W9dhithcwOWX9uDZyn1lW9R+7tPZ4sug+NGrGIo4Rk1hAXLEbcH1TQSqxts0NYXXlOWqVpvS1SFS4fRg=="],

    "@parcel/watcher-freebsd-x64": ["@parcel/watcher-freebsd-x64@2.5.6", "", { "os": "freebsd", "cpu": "x64" }, "sha512-vJVi8yd/qzJxEKHkeemh7w3YAn6RJCtYlE4HPMoVnCpIXEzSrxErBW5SJBgKLbXU3WdIpkjBTeUNtyBVn8TRng=="],

    "@parcel/watcher-linux-arm-glibc": ["@parcel/watcher-linux-arm-glibc@2.5.6", "", { "os": "linux", "cpu": "arm" }, "sha512-9JiYfB6h6BgV50CCfasfLf/uvOcJskMSwcdH1PHH9rvS1IrNy8zad6IUVPVUfmXr+u+Km9IxcfMLzgdOudz9EQ=="],

    "@parcel/watcher-linux-arm-musl": ["@parcel/watcher-linux-arm-musl@2.5.6", "", { "os": "linux", "cpu": "arm" }, "sha512-Ve3gUCG57nuUUSyjBq/MAM0CzArtuIOxsBdQ+ftz6ho8n7s1i9E1Nmk/xmP323r2YL0SONs1EuwqBp2u1k5fxg=="],

    "@parcel/watcher-linux-arm64-glibc": ["@parcel/watcher-linux-arm64-glibc@2.5.6", "", { "os": "linux", "cpu": "arm64" }, "sha512-f2g/DT3NhGPdBmMWYoxixqYr3v/UXcmLOYy16Bx0TM20Tchduwr4EaCbmxh1321TABqPGDpS8D/ggOTaljijOA=="],

    "@parcel/watcher-linux-arm64-musl": ["@parcel/watcher-linux-arm64-musl@2.5.6", "", { "os": "linux", "cpu": "arm64" }, "sha512-qb6naMDGlbCwdhLj6hgoVKJl2odL34z2sqkC7Z6kzir8b5W65WYDpLB6R06KabvZdgoHI/zxke4b3zR0wAbDTA=="],

    "@parcel/watcher-linux-x64-glibc": ["@parcel/watcher-linux-x64-glibc@2.5.6", "", { "os": "linux", "cpu": "x64" }, "sha512-kbT5wvNQlx7NaGjzPFu8nVIW1rWqV780O7ZtkjuWaPUgpv2NMFpjYERVi0UYj1msZNyCzGlaCWEtzc+exjMGbQ=="],

    "@parcel/watcher-linux-x64-musl": ["@parcel/watcher-linux-x64-musl@2.5.6", "", { "os": "linux", "cpu": "x64" }, "sha512-1JRFeC+h7RdXwldHzTsmdtYR/Ku8SylLgTU/reMuqdVD7CtLwf0VR1FqeprZ0eHQkO0vqsbvFLXUmYm/uNKJBg=="],

    "@parcel/watcher-win32-arm64": ["@parcel/watcher-win32-arm64@2.5.6", "", { "os": "win32", "cpu": "arm64" }, "sha512-3ukyebjc6eGlw9yRt678DxVF7rjXatWiHvTXqphZLvo7aC5NdEgFufVwjFfY51ijYEWpXbqF5jtrK275z52D4Q=="],

    "@parcel/watcher-win32-ia32": ["@parcel/watcher-win32-ia32@2.5.6", "", { "os": "win32", "cpu": "ia32" }, "sha512-k35yLp1ZMwwee3Ez/pxBi5cf4AoBKYXj00CZ80jUz5h8prpiaQsiRPKQMxoLstNuqe2vR4RNPEAEcjEFzhEz/g=="],

    "@parcel/watcher-win32-x64": ["@parcel/watcher-win32-x64@2.5.6", "", { "os": "win32", "cpu": "x64" }, "sha512-hbQlYcCq5dlAX9Qx+kFb0FHue6vbjlf0FrNzSKdYK2APUf7tGfGxQCk2ihEREmbR6ZMc0MVAD5RIX/41gpUzTw=="],

    "@revealjs/react": ["@revealjs/react@0.2.1", "", { "peerDependencies": { "react": ">=18", "react-dom": ">=18", "reveal.js": ">=5" } }, "sha512-bEivSQ1W0WpiSUPd4KNLkFGSkdywuno2jjzBHQCO+SN3ChFWP6Y3Z2OLRih3Qeel5k1bwKsSsmr5AMUMA5ZdyQ=="],

    "@types/bun": ["@types/bun@1.3.13", "", { "dependencies": { "bun-types": "1.3.13" } }, "sha512-9fqXWk5YIHGGnUau9TEi+qdlTYDAnOj+xLCmSTwXfAIqXr2x4tytJb43E9uCvt09zJURKXwAtkoH4nLQfzeTXw=="],

    "@types/node": ["@types/node@25.6.0", "", { "dependencies": { "undici-types": "~7.19.0" } }, "sha512-+qIYRKdNYJwY3vRCZMdJbPLJAtGjQBudzZzdzwQYkEPQd+PJGixUL5QfvCLDaULoLv+RhT3LDkwEfKaAkgSmNQ=="],

    "@types/react": ["@types/react@19.2.14", "", { "dependencies": { "csstype": "^3.2.2" } }, "sha512-ilcTH/UniCkMdtexkoCN0bI7pMcJDvmQFPvuPvmEaYA/NSfFTAgdUSLAoVjaRJm7+6PvcM+q1zYOwS4wTYMF9w=="],

    "@types/react-dom": ["@types/react-dom@19.2.3", "", { "peerDependencies": { "@types/react": "^19.2.0" } }, "sha512-jp2L/eY6fn+KgVVQAOqYItbF0VY/YApe5Mz2F0aykSO8gx31bYCZyvSeYxCHKvzHG5eZjc+zyaS5BrBWya2+kQ=="],

    "bun-types": ["bun-types@1.3.13", "", { "dependencies": { "@types/node": "*" } }, "sha512-QXKeHLlOLqQX9LgYaHJfzdBaV21T63HhFJnvuRCcjZiaUDpbs5ED1MgxbMra71CsryN/1dAoXuJJJwIv/2drVA=="],

    "chokidar": ["chokidar@5.0.0", "", { "dependencies": { "readdirp": "^5.0.0" } }, "sha512-TQMmc3w+5AxjpL8iIiwebF73dRDF4fBIieAqGn9RGCWaEVwQ6Fb2cGe31Yns0RRIzii5goJ1Y7xbMwo1TxMplw=="],

    "csstype": ["csstype@3.2.3", "", {}, "sha512-z1HGKcYy2xA8AGQfwrn0PAy+PB7X/GSj3UVJW9qKyn43xWa+gl5nXmU4qqLMRzWVLFC8KusUX8T/0kCiOYpAIQ=="],

    "detect-libc": ["detect-libc@2.1.2", "", {}, "sha512-Btj2BOOO83o3WyH59e8MgXsxEQVcarkUOpEYrubB0urwnN10yQ364rsiByU11nZlqWYZm05i/of7io4mzihBtQ=="],

    "immutable": ["immutable@5.1.8", "", {}, "sha512-TM5YqrGeTsVIPPpILzeqZ8D2Zc2TvNgSDi88zPF2a4cyqQdWV/wVWBDRDbNzzrLeRWScrFcOX9lW2iX6GOtUDw=="],

    "is-extglob": ["is-extglob@2.1.1", "", {}, "sha512-SbKbANkN603Vi4jEZv49LeVJMn4yGwsbzZworEoyEiutsN3nJYdbO36zfhGJ6QEDpOZIFkDtnq5JRxmvl3jsoQ=="],

    "is-glob": ["is-glob@4.0.3", "", { "dependencies": { "is-extglob": "^2.1.1" } }, "sha512-xelSayHH36ZgE7ZWhli7pW34hNbNl8Ojv5KVmkJD4hBdD3th8Tfk9vYasLM+mXWOZhFkgZfxhLSnrwRr4elSSg=="],

    "node-addon-api": ["node-addon-api@7.1.1", "", {}, "sha512-5m3bsyrjFWE1xf7nz7YXdN4udnVtXK6/Yfgn5qnahL6bCkf2yKt4k3nuTKAtT4r3IG8JNR2ncsIMdZuAzJjHQQ=="],

    "picomatch": ["picomatch@4.0.4", "", {}, "sha512-QP88BAKvMam/3NxH6vj2o21R6MjxZUAd6nlwAS/pnGvN9IVLocLHxGYIzFhg6fUQ+5th6P4dv4eW9jX3DSIj7A=="],

    "react": ["react@19.2.5", "", {}, "sha512-llUJLzz1zTUBrskt2pwZgLq59AemifIftw4aB7JxOqf1HY2FDaGDxgwpAPVzHU1kdWabH7FauP4i1oEeer2WCA=="],

    "react-dom": ["react-dom@19.2.5", "", { "dependencies": { "scheduler": "^0.27.0" }, "peerDependencies": { "react": "^19.2.5" } }, "sha512-J5bAZz+DXMMwW/wV3xzKke59Af6CHY7G4uYLN1OvBcKEsWOs4pQExj86BBKamxl/Ik5bx9whOrvBlSDfWzgSag=="],

    "readdirp": ["readdirp@5.0.0", "", {}, "sha512-9u/XQ1pvrQtYyMpZe7DXKv2p5CNvyVwzUB6uhLAnQwHMSgKMBR62lc7AHljaeteeHXn11XTAaLLUVZYVZyuRBQ=="],

    "reveal.js": ["reveal.js@6.0.1", "", {}, "sha512-9eacArNIgqO2HGWOK+93gJNn+gvdGDVbSq+i2u3Ja9kjiHps0XNLpgYTZTYjKRH91uXy3clGimeGiw4umHG/tg=="],

    "reveal.js-menu": ["reveal.js-menu@2.1.0", "", {}, "sha512-35zp4fHSMyWd15+3CvQ8LrpS+4Gj2qvlkxX3lo5LpITDe6ZkA4A9y1E5fE63YlQl5fp7W1mNgNJr4kCU0s14lA=="],

    "reveal.js-mermaid-plugin": ["reveal.js-mermaid-plugin@11.15.0", "", {}, "sha512-IxhqUO6dVdt+hm3Ky4r/Cf4LWQzCn5Tj2XoN77hn4lkqtIfbyv4ZHcpTBR4nituueKAuClsJ3GcacU5aD3MGYA=="],

    "sass": ["sass@1.101.0", "", { "dependencies": { "chokidar": "^5.0.0", "immutable": "^5.1.5", "source-map-js": ">=0.6.2 <2.0.0" }, "optionalDependencies": { "@parcel/watcher": "^2.4.1" }, "bin": { "sass": "sass.js" } }, "sha512-OL3GoQyoUdDt843DpVmDO6y2k1sc5IhUDSpu8XucEI+35neq5QivZ1iuegnpraEVTJXlQGK1gl27zKcTLEPbQw=="],

    "scheduler": ["scheduler@0.27.0", "", {}, "sha512-eNv+WrVbKu1f3vbYJT/xtiF5syA5HPIMtf9IgY/nKg0sWqzAUEvqY/xm7OcZc/qafLx/iO9FgOmeSAp4v5ti/Q=="],

    "source-map-js": ["source-map-js@1.2.1", "", {}, "sha512-UXWMKhLOwVKb728IUtQPXxfYU+usdybtUrK/8uGE8CQMvrhOpwvzDBwj0QhSL7MQc7vIsISBG8VQ8+IDQxpfQA=="],

    "undici-types": ["undici-types@7.19.2", "", {}, "sha512-qYVnV5OEm2AW8cJMCpdV20CDyaN3g0AjDlOGf1OW4iaDEx8MwdtChUp4zu4H0VP3nDRF/8RKWH+IPp9uW0YGZg=="],
  }
}
